
Microsoft Visual Studio Solution File, Format Version 12.00
# Visual Studio 15
VisualStudioVersion = 15.0.26730.16
MinimumVisualStudioVersion = 10.0.40219.1
Project("{FAE04EC0-301F-11D3-BF4B-00C04F79EFBC}") = "ArVision.Pharma.Shared", "Shared\ArVision.Pharma.Shared.csproj", "{1CFE0CAC-5151-4DA7-8717-D051CBD4CD49}"
EndProject
Project("{FAE04EC0-301F-11D3-BF4B-00C04F79EFBC}") = "ArVision.Pharma.ConsoleHost", "Console\ArVision.Pharma.ConsoleHost.csproj", "{C1B5CB8C-AB51-4E49-82F9-3B16EDDB7424}"
EndProject
Project("{FAE04EC0-301F-11D3-BF4B-00C04F79EFBC}") = "ArVision.Pharma.Client", "Client\ArVision.Pharma.Client.csproj", "{31308E3A-B1A2-4959-B4AF-D7F251D9D7A1}"
EndProject
Project("{FAE04EC0-301F-11D3-BF4B-00C04F79EFBC}") = "ArVision.Pharma.Server", "Service\ArVision.Pharma.Server.csproj", "{8377ACD3-A40A-40E2-BD55-971B71F301AA}"
EndProject
Project("{FAE04EC0-301F-11D3-BF4B-00C04F79EFBC}") = "ArVision.Pharma.SampleUIAPP", "WpfApp1\ArVision.Pharma.SampleUIAPP.csproj", "{55C4E018-12CD-4B31-B4C0-7330C41CD21D}"
EndProject
Project("{2150E333-8FDC-42A3-9474-1A3956D46DE8}") = "Application", "Application", "{D47CCFD3-8699-4D3B-990D-A76A3E31F7AF}"
EndProject
Project("{2150E333-8FDC-42A3-9474-1A3956D46DE8}") = "DataAccess", "DataAccess", "{AF82D114-2B8E-4BB1-A8A6-83FB00632F02}"
EndProject
Project("{FAE04EC0-301F-11D3-BF4B-00C04F79EFBC}") = "ArVision.Pharma.Application.Web", "Application\ArVision.Pharma.Application.Web.csproj", "{CD81F626-BE1C-44D7-90A1-6FB95EE396BB}"
EndProject
Project("{FAE04EC0-301F-11D3-BF4B-00C04F79EFBC}") = "ArVision.Pharma.DataAccess", "DataAccess\ArVision.Pharma.DataAccess\ArVision.Pharma.DataAccess.csproj", "{C999AD2C-6791-44D5-A81E-3EDC2E6C9574}"
EndProject
Global
	GlobalSection(SolutionConfigurationPlatforms) = preSolution
		Debug|Any CPU = Debug|Any CPU
		Release|Any CPU = Release|Any CPU
	EndGlobalSection
	GlobalSection(ProjectConfigurationPlatforms) = postSolution
		{1CFE0CAC-5151-4DA7-8717-D051CBD4CD49}.Debug|Any CPU.ActiveCfg = Debug|Any CPU
		{1CFE0CAC-5151-4DA7-8717-D051CBD4CD49}.Debug|Any CPU.Build.0 = Debug|Any CPU
		{1CFE0CAC-5151-4DA7-8717-D051CBD4CD49}.Release|Any CPU.ActiveCfg = Release|Any CPU
		{1CFE0CAC-5151-4DA7-8717-D051CBD4CD49}.Release|Any CPU.Build.0 = Release|Any CPU
		{C1B5CB8C-AB51-4E49-82F9-3B16EDDB7424}.Debug|Any CPU.ActiveCfg = Debug|Any CPU
		{C1B5CB8C-AB51-4E49-82F9-3B16EDDB7424}.Debug|Any CPU.Build.0 = Debug|Any CPU
		{C1B5CB8C-AB51-4E49-82F9-3B16EDDB7424}.Release|Any CPU.ActiveCfg = Release|Any CPU
		{C1B5CB8C-AB51-4E49-82F9-3B16EDDB7424}.Release|Any CPU.Build.0 = Release|Any CPU
		{31308E3A-B1A2-4959-B4AF-D7F251D9D7A1}.Debug|Any CPU.ActiveCfg = Debug|Any CPU
		{31308E3A-B1A2-4959-B4AF-D7F251D9D7A1}.Debug|Any CPU.Build.0 = Debug|Any CPU
		{31308E3A-B1A2-4959-B4AF-D7F251D9D7A1}.Release|Any CPU.ActiveCfg = Release|Any CPU
		{31308E3A-B1A2-4959-B4AF-D7F251D9D7A1}.Release|Any CPU.Build.0 = Release|Any CPU
		{8377ACD3-A40A-40E2-BD55-971B71F301AA}.Debug|Any CPU.ActiveCfg = Debug|Any CPU
		{8377ACD3-A40A-40E2-BD55-971B71F301AA}.Debug|Any CPU.Build.0 = Debug|Any CPU
		{8377ACD3-A40A-40E2-BD55-971B71F301AA}.Release|Any CPU.ActiveCfg = Release|Any CPU
		{8377ACD3-A40A-40E2-BD55-971B71F301AA}.Release|Any CPU.Build.0 = Release|Any CPU
		{55C4E018-12CD-4B31-B4C0-7330C41CD21D}.Debug|Any CPU.ActiveCfg = Debug|Any CPU
		{55C4E018-12CD-4B31-B4C0-7330C41CD21D}.Debug|Any CPU.Build.0 = Debug|Any CPU
		{55C4E018-12CD-4B31-B4C0-7330C41CD21D}.Release|Any CPU.ActiveCfg = Release|Any CPU
		{55C4E018-12CD-4B31-B4C0-7330C41CD21D}.Release|Any CPU.Build.0 = Release|Any CPU
		{CD81F626-BE1C-44D7-90A1-6FB95EE396BB}.Debug|Any CPU.ActiveCfg = Debug|Any CPU
		{CD81F626-BE1C-44D7-90A1-6FB95EE396BB}.Debug|Any CPU.Build.0 = Debug|Any CPU
		{CD81F626-BE1C-44D7-90A1-6FB95EE396BB}.Release|Any CPU.ActiveCfg = Release|Any CPU
		{CD81F626-BE1C-44D7-90A1-6FB95EE396BB}.Release|Any CPU.Build.0 = Release|Any CPU
		{C999AD2C-6791-44D5-A81E-3EDC2E6C9574}.Debug|Any CPU.ActiveCfg = Debug|Any CPU
		{C999AD2C-6791-44D5-A81E-3EDC2E6C9574}.Debug|Any CPU.Build.0 = Debug|Any CPU
		{C999AD2C-6791-44D5-A81E-3EDC2E6C9574}.Release|Any CPU.ActiveCfg = Release|Any CPU
		{C999AD2C-6791-44D5-A81E-3EDC2E6C9574}.Release|Any CPU.Build.0 = Release|Any CPU
	EndGlobalSection
	GlobalSection(SolutionProperties) = preSolution
		HideSolutionNode = FALSE
	EndGlobalSection
	GlobalSection(NestedProjects) = preSolution
		{CD81F626-BE1C-44D7-90A1-6FB95EE396BB} = {D47CCFD3-8699-4D3B-990D-A76A3E31F7AF}
		{C999AD2C-6791-44D5-A81E-3EDC2E6C9574} = {AF82D114-2B8E-4BB1-A8A6-83FB00632F02}
	EndGlobalSection
	GlobalSection(ExtensibilityGlobals) = postSolution
		SolutionGuid = {EC7CF759-61A0-4F29-8434-E3940515BE79}
	EndGlobalSection
EndGlobal
